
Microsoft Visual Studio Solution File, Format Version 12.00
# Visual Studio Version 17
VisualStudioVersion = 17.13.35931.197 d17.13
MinimumVisualStudioVersion = 10.0.40219.1
Project("{FAE04EC0-301F-11D3-BF4B-00C04F79EFBC}") = "Personnal Database", "Personnal Database.csproj", "{8256E19D-8248-468A-A4EF-D6FF857A14FC}"
EndProject
Global
	GlobalSection(SolutionConfigurationPlatforms) = preSolution
		Debug|Any CPU = Debug|Any CPU
		Release|Any CPU = Release|Any CPU
	EndGlobalSection
	GlobalSection(ProjectConfigurationPlatforms) = postSolution
		{8256E19D-8248-468A-A4EF-D6FF857A14FC}.Debug|Any CPU.ActiveCfg = Debug|Any CPU
		{8256E19D-8248-468A-A4EF-D6FF857A14FC}.Debug|Any CPU.Build.0 = Debug|Any CPU
		{8256E19D-8248-468A-A4EF-D6FF857A14FC}.Release|Any CPU.ActiveCfg = Release|Any CPU
		{8256E19D-8248-468A-A4EF-D6FF857A14FC}.Release|Any CPU.Build.0 = Release|Any CPU
	EndGlobalSection
	GlobalSection(SolutionProperties) = preSolution
		HideSolutionNode = FALSE
	EndGlobalSection
	GlobalSection(ExtensibilityGlobals) = postSolution
		SolutionGuid = {6F154FDF-5E48-460D-8B5F-AB02E3BFC3F3}
	EndGlobalSection
EndGlobal
